// !$*UTF8*$!
{
	archiveVersion = 1;
	classes = {
	};
	objectVersion = 50;
	objects = {

/* Begin PBXBuildFile section */
		AA90F7CE2348A326007453BF /* AppDelegate.swift in Sources */ = {isa = PBXBuildFile; fileRef = AA90F7CD2348A326007453BF /* AppDelegate.swift */; };
		AA90F7D02348A326007453BF /* ViewController.swift in Sources */ = {isa = PBXBuildFile; fileRef = AA90F7CF2348A326007453BF /* ViewController.swift */; };
		AA90F7D32348A326007453BF /* Main.storyboard in Resources */ = {isa = PBXBuildFile; fileRef = AA90F7D12348A326007453BF /* Main.storyboard */; };
		AA90F7D52348A329007453BF /* Assets.xcassets in Resources */ = {isa = PBXBuildFile; fileRef = AA90F7D42348A329007453BF /* Assets.xcassets */; };
		AA90F7D82348A329007453BF /* LaunchScreen.storyboard in Resources */ = {isa = PBXBuildFile; fileRef = AA90F7D62348A329007453BF /* LaunchScreen.storyboard */; };
		AA90F7E02348A34F007453BF /* FontsTableViewController.swift in Sources */ = {isa = PBXBuildFile; fileRef = AA90F7DF2348A34F007453BF /* FontsTableViewController.swift */; };
/* End PBXBuildFile section */

/* Begin PBXFileReference section */
		AA90F7CA2348A326007453BF /* Postcards.app */ = {isa = PBXFileReference; explicitFileType = wrapper.application; includeInIndex = 0; path = Postcards.app; sourceTree = BUILT_PRODUCTS_DIR; };
		AA90F7CD2348A326007453BF /* AppDelegate.swift */ = {isa = PBXFileReference; lastKnownFileType = sourcecode.swift; path = AppDelegate.swift; sourceTree = "<group>"; };
		AA90F7CF2348A326007453BF /* ViewController.swift */ = {isa = PBXFileReference; lastKnownFileType = sourcecode.swift; path = ViewController.swift; sourceTree = "<group>"; };
		AA90F7D22348A326007453BF /* Base */ = {isa = PBXFileReference; lastKnownFileType = file.storyboard; name = Base; path = Base.lproj/Main.storyboard; sourceTree = "<group>"; };
		AA90F7D42348A329007453BF /* Assets.xcassets */ = {isa = PBXFileReference; lastKnownFileType = folder.assetcatalog; path = Assets.xcassets; sourceTree = "<group>"; };
		AA90F7D72348A329007453BF /* Base */ = {isa = PBXFileReference; lastKnownFileType = file.storyboard; name = Base; path = Base.lproj/LaunchScreen.storyboard; sourceTree = "<group>"; };
		AA90F7D92348A329007453BF /* Info.plist */ = {isa = PBXFileReference; lastKnownFileType = text.plist.xml; path = Info.plist; sourceTree = "<group>"; };
		AA90F7DF2348A34F007453BF /* FontsTableViewController.swift */ = {isa = PBXFileReference; lastKnownFileType = sourcecode.swift; path = FontsTableViewController.swift; sourceTree = "<group>"; };
/* End PBXFileReference section */

/* Begin PBXFrameworksBuildPhase section */
		AA90F7C72348A326007453BF /* Frameworks */ = {
			isa = PBXFrameworksBuildPhase;
			buildActionMask = 2147483647;
			files = (
			);
			runOnlyForDeploymentPostprocessing = 0;
		};
/* End PBXFrameworksBuildPhase section */

/* Begin PBXGroup section */
		AA90F7C12348A326007453BF = {
			isa = PBXGroup;
			children = (
				AA90F7CC2348A326007453BF /* Postcards */,
				AA90F7CB2348A326007453BF /* Products */,
			);
			sourceTree = "<group>";
		};
		AA90F7CB2348A326007453BF /* Products */ = {
			isa = PBXGroup;
			children = (
				AA90F7CA2348A326007453BF /* Postcards.app */,
			);
			name = Products;
			sourceTree = "<group>";
		};
		AA90F7CC2348A326007453BF /* Postcards */ = {
			isa = PBXGroup;
			children = (
				AA90F7CD2348A326007453BF /* AppDelegate.swift */,
				AA90F7CF2348A326007453BF /* ViewController.swift */,
				AA90F7D12348A326007453BF /* Main.storyboard */,
				AA90F7D42348A329007453BF /* Assets.xcassets */,
				AA90F7D62348A329007453BF /* LaunchScreen.storyboard */,
				AA90F7D92348A329007453BF /* Info.plist */,
				AA90F7DF2348A34F007453BF /* FontsTableViewController.swift */,
			);
			path = Postcards;
			sourceTree = "<group>";
		};
/* End PBXGroup section */

/* Begin PBXNativeTarget section */
		AA90F7C92348A326007453BF /* Postcards */ = {
			isa = PBXNativeTarget;
			buildConfigurationList = AA90F7DC2348A329007453BF /* Build configuration list for PBXNativeTarget "Postcards" */;
			buildPhases = (
				AA90F7C62348A326007453BF /* Sources */,
				AA90F7C72348A326007453BF /* Frameworks */,
				AA90F7C82348A326007453BF /* Resources */,
			);
			buildRules = (
			);
			dependencies = (
			);
			name = Postcards;
			productName = Postcards;
			productReference = AA90F7CA2348A326007453BF /* Postcards.app */;
			productType = "com.apple.product-type.application";
		};
/* End PBXNativeTarget section */

/* Begin PBXProject section */
		AA90F7C22348A326007453BF /* Project object */ = {
			isa = PBXProject;
			attributes = {
				LastSwiftUpdateCheck = 1010;
				LastUpgradeCheck = 1010;
				ORGANIZATIONNAME = "Sebastian Ortiz Velez";
				TargetAttributes = {
					AA90F7C92348A326007453BF = {
						CreatedOnToolsVersion = 10.1;
					};
				};
			};
			buildConfigurationList = AA90F7C52348A326007453BF /* Build configuration list for PBXProject "Postcards" */;
			compatibilityVersion = "Xcode 9.3";
			developmentRegion = en;
			hasScannedForEncodings = 0;
			knownRegions = (
				en,
				Base,
			);
			mainGroup = AA90F7C12348A326007453BF;
			productRefGroup = AA90F7CB2348A326007453BF /* Products */;
			projectDirPath = "";
			projectRoot = "";
			targets = (
				AA90F7C92348A326007453BF /* Postcards */,
			);
		};
/* End PBXProject section */

/* Begin PBXResourcesBuildPhase section */
		AA90F7C82348A326007453BF /* Resources */ = {
			isa = PBXResourcesBuildPhase;
			buildActionMask = 2147483647;
			files = (
				AA90F7D82348A329007453BF /* LaunchScreen.storyboard in Resources */,
				AA90F7D52348A329007453BF /* Assets.xcassets in Resources */,
				AA90F7D32348A326007453BF /* Main.storyboard in Resources */,
			);
			runOnlyForDeploymentPostprocessing = 0;
		};
/* End PBXResourcesBuildPhase section */

/* Begin PBXSourcesBuildPhase section */
		AA90F7C62348A326007453BF /* Sources */ = {
			isa = PBXSourcesBuildPhase;
			buildActionMask = 2147483647;
			files = (
				AA90F7D02348A326007453BF /* ViewController.swift in Sources */,
				AA90F7E02348A34F007453BF /* FontsTableViewController.swift in Sources */,
				AA90F7CE2348A326007453BF /* AppDelegate.swift in Sources */,
			);
			runOnlyForDeploymentPostprocessing = 0;
		};
/* End PBXSourcesBuildPhase section */

/* Begin PBXVariantGroup section */
		AA90F7D12348A326007453BF /* Main.storyboard */ = {
			isa = PBXVariantGroup;
			children = (
				AA90F7D22348A326007453BF /* Base */,
			);
			name = Main.storyboard;
			sourceTree = "<group>";
		};
		AA90F7D62348A329007453BF /* LaunchScreen.storyboard */ = {
			isa = PBXVariantGroup;
			children = (
				AA90F7D72348A329007453BF /* Base */,
			);
			name = LaunchScreen.storyboard;
			sourceTree = "<group>";
		};
/* End PBXVariantGroup section */

/* Begin XCBuildConfiguration section */
		AA90F7DA2348A329007453BF /* Debug */ = {
			isa = XCBuildConfiguration;
			buildSettings = {
				ALWAYS_SEARCH_USER_PATHS = NO;
				CLANG_ANALYZER_NONNULL = YES;
				CLANG_ANALYZER_NUMBER_OBJECT_CONVERSION = YES_AGGRESSIVE;
				CLANG_CXX_LANGUAGE_STANDARD = "gnu++14";
				CLANG_CXX_LIBRARY = "libc++";
				CLANG_ENABLE_MODULES = YES;
				CLANG_ENABLE_OBJC_ARC = YES;
				CLANG_ENABLE_OBJC_WEAK = YES;
				CLANG_WARN_BLOCK_CAPTURE_AUTORELEASING = YES;
				CLANG_WARN_BOOL_CONVERSION = YES;
				CLANG_WARN_COMMA = YES;
				CLANG_WARN_CONSTANT_CONVERSION = YES;
				CLANG_WARN_DEPRECATED_OBJC_IMPLEMENTATIONS = YES;
				CLANG_WARN_DIRECT_OBJC_ISA_USAGE = YES_ERROR;
				CLANG_WARN_DOCUMENTATION_COMMENTS = YES;
				CLANG_WARN_EMPTY_BODY = YES;
				CLANG_WARN_ENUM_CONVERSION = YES;
				CLANG_WARN_INFINITE_RECURSION = YES;
				CLANG_WARN_INT_CONVERSION = YES;
				CLANG_WARN_NON_LITERAL_NULL_CONVERSION = YES;
				CLANG_WARN_OBJC_IMPLICIT_RETAIN_SELF = YES;
				CLANG_WARN_OBJC_LITERAL_CONVERSION = YES;
				CLANG_WARN_OBJC_ROOT_CLASS = YES_ERROR;
				CLANG_WARN_RANGE_LOOP_ANALYSIS = YES;
				CLANG_WARN_STRICT_PROTOTYPES = YES;
				CLANG_WARN_SUSPICIOUS_MOVE = YES;
				CLANG_WARN_UNGUARDED_AVAILABILITY = YES_AGGRESSIVE;
				CLANG_WARN_UNREACHABLE_CODE = YES;
				CLANG_WARN__DUPLICATE_METHOD_MATCH = YES;
				CODE_SIGN_IDENTITY = "iPhone Developer";
				COPY_PHASE_STRIP = NO;
				DEBUG_INFORMATION_FORMAT = dwarf;
				ENABLE_STRICT_OBJC_MSGSEND = YES;
				ENABLE_TESTABILITY = YES;
				GCC_C_LANGUAGE_STANDARD = gnu11;
				GCC_DYNAMIC_NO_PIC = NO;
				GCC_NO_COMMON_BLOCKS = YES;
				GCC_OPTIMIZATION_LEVEL = 0;
				GCC_PREPROCESSOR_DEFINITIONS = (
					"DEBUG=1",
					"$(inherited)",
				);
				GCC_WARN_64_TO_32_BIT_CONVERSION = YES;
				GCC_WARN_ABOUT_RETURN_TYPE = YES_ERROR;
				GCC_WARN_UNDECLARED_SELECTOR = YES;
				GCC_WARN_UNINITIALIZED_AUTOS = YES_AGGRESSIVE;
				GCC_WARN_UNUSED_FUNCTION = YES;
				GCC_WARN_UNUSED_VARIABLE = YES;
				IPHONEOS_DEPLOYMENT_TARGET = 12.1;
				MTL_ENABLE_DEBUG_INFO = INCLUDE_SOURCE;
				MTL_FAST_MATH = YES;
				ONLY_ACTIVE_ARCH = YES;
				SDKROOT = iphoneos;
				SWIFT_ACTIVE_COMPILATION_CONDITIONS = DEBUG;
				SWIFT_OPTIMIZATION_LEVEL = "-Onone";
			};
			name = Debug;
		};
		AA90F7DB2348A329007453BF /* Release */ = {
			isa = XCBuildConfiguration;
			buildSettings = {
				ALWAYS_SEARCH_USER_PATHS = NO;
				CLANG_ANALYZER_NONNULL = YES;
				CLANG_ANALYZER_NUMBER_OBJECT_CONVERSION = YES_AGGRESSIVE;
				CLANG_CXX_LANGUAGE_STANDARD = "gnu++14";
				CLANG_CXX_LIBRARY = "libc++";
				CLANG_ENABLE_MODULES = YES;
				CLANG_ENABLE_OBJC_ARC = YES;
				CLANG_ENABLE_OBJC_WEAK = YES;
				CLANG_WARN_BLOCK_CAPTURE_AUTORELEASING = YES;
				CLANG_WARN_BOOL_CONVERSION = YES;
				CLANG_WARN_COMMA = YES;
				CLANG_WARN_CONSTANT_CONVERSION = YES;
				CLANG_WARN_DEPRECATED_OBJC_IMPLEMENTATIONS = YES;
				CLANG_WARN_DIRECT_OBJC_ISA_USAGE = YES_ERROR;
				CLANG_WARN_DOCUMENTATION_COMMENTS = YES;
				CLANG_WARN_EMPTY_BODY = YES;
				CLANG_WARN_ENUM_CONVERSION = YES;
				CLANG_WARN_INFINITE_RECURSION = YES;
				CLANG_WARN_INT_CONVERSION = YES;
				CLANG_WARN_NON_LITERAL_NULL_CONVERSION = YES;
				CLANG_WARN_OBJC_IMPLICIT_RETAIN_SELF = YES;
				CLANG_WARN_OBJC_LITERAL_CONVERSION = YES;
				CLANG_WARN_OBJC_ROOT_CLASS = YES_ERROR;
				CLANG_WARN_RANGE_LOOP_ANALYSIS = YES;
				CLANG_WARN_STRICT_PROTOTYPES = YES;
				CLANG_WARN_SUSPICIOUS_MOVE = YES;
				CLANG_WARN_UNGUARDED_AVAILABILITY = YES_AGGRESSIVE;
				CLANG_WARN_UNREACHABLE_CODE = YES;
				CLANG_WARN__DUPLICATE_METHOD_MATCH = YES;
				CODE_SIGN_IDENTITY = "iPhone Developer";
				COPY_PHASE_STRIP = NO;
				DEBUG_INFORMATION_FORMAT = "dwarf-with-dsym";
				ENABLE_NS_ASSERTIONS = NO;
				ENABLE_STRICT_OBJC_MSGSEND = YES;
				GCC_C_LANGUAGE_STANDARD = gnu11;
				GCC_NO_COMMON_BLOCKS = YES;
				GCC_WARN_64_TO_32_BIT_CONVERSION = YES;
				GCC_WARN_ABOUT_RETURN_TYPE = YES_ERROR;
				GCC_WARN_UNDECLARED_SELECTOR = YES;
				GCC_WARN_UNINITIALIZED_AUTOS = YES_AGGRESSIVE;
				GCC_WARN_UNUSED_FUNCTION = YES;
				GCC_WARN_UNUSED_VARIABLE = YES;
				IPHONEOS_DEPLOYMENT_TARGET = 12.1;
				MTL_ENABLE_DEBUG_INFO = NO;
				MTL_FAST_MATH = YES;
				SDKROOT = iphoneos;
				SWIFT_COMPILATION_MODE = wholemodule;
				SWIFT_OPTIMIZATION_LEVEL = "-O";
				VALIDATE_PRODUCT = YES;
			};
			name = Release;
		};
		AA90F7DD2348A329007453BF /* Debug */ = {
			isa = XCBuildConfiguration;
			buildSettings = {
				ASSETCATALOG_COMPILER_APPICON_NAME = AppIcon;
				CODE_SIGN_STYLE = Automatic;
				DEVELOPMENT_TEAM = K68V4NAV57;
				INFOPLIST_FILE = Postcards/Info.plist;
				LD_RUNPATH_SEARCH_PATHS = (
					"$(inherited)",
					"@executable_path/Frameworks",
				);
				PRODUCT_BUNDLE_IDENTIFIER = com.sebastianOrtiz.Postcards;
				PRODUCT_NAME = "$(TARGET_NAME)";
				SWIFT_VERSION = 4.2;
				TARGETED_DEVICE_FAMILY = "1,2";
			};
			name = Debug;
		};
		AA90F7DE2348A329007453BF /* Release */ = {
			isa = XCBuildConfiguration;
			buildSettings = {
				ASSETCATALOG_COMPILER_APPICON_NAME = AppIcon;
				CODE_SIGN_STYLE = Automatic;
				DEVELOPMENT_TEAM = K68V4NAV57;
				INFOPLIST_FILE = Postcards/Info.plist;
				LD_RUNPATH_SEARCH_PATHS = (
					"$(inherited)",
					"@executable_path/Frameworks",
				);
				PRODUCT_BUNDLE_IDENTIFIER = com.sebastianOrtiz.Postcards;
				PRODUCT_NAME = "$(TARGET_NAME)";
				SWIFT_VERSION = 4.2;
				TARGETED_DEVICE_FAMILY = "1,2";
			};
			name = Release;
		};
/* End XCBuildConfiguration section */

/* Begin XCConfigurationList section */
		AA90F7C52348A326007453BF /* Build configuration list for PBXProject "Postcards" */ = {
			isa = XCConfigurationList;
			buildConfigurations = (
				AA90F7DA2348A329007453BF /* Debug */,
				AA90F7DB2348A329007453BF /* Release */,
			);
			defaultConfigurationIsVisible = 0;
			defaultConfigurationName = Release;
		};
		AA90F7DC2348A329007453BF /* Build configuration list for PBXNativeTarget "Postcards" */ = {
			isa = XCConfigurationList;
			buildConfigurations = (
				AA90F7DD2348A329007453BF /* Debug */,
				AA90F7DE2348A329007453BF /* Release */,
			);
			defaultConfigurationIsVisible = 0;
			defaultConfigurationName = Release;
		};
/* End XCConfigurationList section */
	};
	rootObject = AA90F7C22348A326007453BF /* Project object */;
}
